
Microsoft Visual Studio Solution File, Format Version 12.00
# Visual Studio 15
VisualStudioVersion = 15.0.28307.779
MinimumVisualStudioVersion = 10.0.40219.1
Project("{FAE04EC0-301F-11D3-BF4B-00C04F79EFBC}") = "Backend", "Backend\Backend.csproj", "{A7C49C54-ABAD-4479-BA53-53D27EFA0F49}"
EndProject
Global
	GlobalSection(SolutionConfigurationPlatforms) = preSolution
		Debug|Any CPU = Debug|Any CPU
		Release|Any CPU = Release|Any CPU
	EndGlobalSection
	GlobalSection(ProjectConfigurationPlatforms) = postSolution
		{A7C49C54-ABAD-4479-BA53-53D27EFA0F49}.Debug|Any CPU.ActiveCfg = Debug|Any CPU
		{A7C49C54-ABAD-4479-BA53-53D27EFA0F49}.Debug|Any CPU.Build.0 = Debug|Any CPU
		{A7C49C54-ABAD-4479-BA53-53D27EFA0F49}.Release|Any CPU.ActiveCfg = Release|Any CPU
		{A7C49C54-ABAD-4479-BA53-53D27EFA0F49}.Release|Any CPU.Build.0 = Release|Any CPU
	EndGlobalSection
	GlobalSection(SolutionProperties) = preSolution
		HideSolutionNode = FALSE
	EndGlobalSection
	GlobalSection(ExtensibilityGlobals) = postSolution
		SolutionGuid = {5CA98F27-AC6B-457C-A42B-A93C4EC67297}
	EndGlobalSection
EndGlobal
